
Microsoft Visual Studio Solution File, Format Version 12.00
# Visual Studio Express 2012 for Windows Desktop
Project("{8BC9CEB8-8B4A-11D0-8D11-00A0C91BC942}") = "20180911_helloworld", "20180911_helloworld\20180911_helloworld.vcxproj", "{1315BA49-1987-4A4F-8CA2-5BD93AF8CD38}"
EndProject
Project("{8BC9CEB8-8B4A-11D0-8D11-00A0C91BC942}") = "20180911hellotwo", "20180911hellotwo\20180911hellotwo.vcxproj", "{698C3629-2C3D-4357-ABB9-416DF2BB1AA5}"
EndProject
Project("{8BC9CEB8-8B4A-11D0-8D11-00A0C91BC942}") = "20181002자료변수형", "20181002자료변수형\20181002자료변수형.vcxproj", "{19F9A12C-0C15-4DDC-89DF-652B58C7ABCF}"
EndProject
Project("{8BC9CEB8-8B4A-11D0-8D11-00A0C91BC942}") = "20181002진짜변수", "20181002진짜변수\20181002진짜변수.vcxproj", "{B111DE8E-E310-4441-99B9-BB724E6D41E1}"
EndProject
Project("{8BC9CEB8-8B4A-11D0-8D11-00A0C91BC942}") = "20181016_1", "20181016_1\20181016_1.vcxproj", "{FEF2FE37-7CE1-4E14-9C68-E8BE31B54FBC}"
EndProject
Project("{8BC9CEB8-8B4A-11D0-8D11-00A0C91BC942}") = "HW2-1", "HW2-1\HW2-1.vcxproj", "{678D0E53-8976-487C-8E64-331906271754}"
EndProject
Project("{8BC9CEB8-8B4A-11D0-8D11-00A0C91BC942}") = "HW2-2", "HW2-2\HW2-2.vcxproj", "{BA1574DE-2AF0-4E11-942E-1050BC6ECB99}"
EndProject
Project("{8BC9CEB8-8B4A-11D0-8D11-00A0C91BC942}") = "HW2-3", "HW2-3\HW2-3.vcxproj", "{B5148BF8-192B-4907-9F04-F87F51AC9386}"
EndProject
Project("{8BC9CEB8-8B4A-11D0-8D11-00A0C91BC942}") = "HW2-4", "HW2-4\HW2-4.vcxproj", "{9615C65E-CFB7-4692-8324-B56BBE02F74D}"
EndProject
Project("{8BC9CEB8-8B4A-11D0-8D11-00A0C91BC942}") = "HW2-5", "HW2-5\HW2-5.vcxproj", "{DD014032-9EAA-4B1D-AF6A-0DCD691A2539}"
EndProject
Project("{8BC9CEB8-8B4A-11D0-8D11-00A0C91BC942}") = "HW2-6", "HW2-6\HW2-6.vcxproj", "{1C6B10B6-910F-47A3-BA46-B4EC3F989FD8}"
EndProject
Project("{8BC9CEB8-8B4A-11D0-8D11-00A0C91BC942}") = "HW2-7진짜", "HW2-7진짜\HW2-7진짜.vcxproj", "{AF6928E3-2E4D-4F75-8F0D-DC6883CC9C05}"
EndProject
Project("{8BC9CEB8-8B4A-11D0-8D11-00A0C91BC942}") = "HW2-8", "HW2-8\HW2-8.vcxproj", "{2E372D8E-2AD9-4E06-86C0-C579444D7D44}"
EndProject
Project("{8BC9CEB8-8B4A-11D0-8D11-00A0C91BC942}") = "HW2-9", "HW2-9\HW2-9.vcxproj", "{F050E510-8902-444E-BAE5-67CE71286569}"
EndProject
Project("{8BC9CEB8-8B4A-11D0-8D11-00A0C91BC942}") = "HW2-10", "HW2-10\HW2-10.vcxproj", "{357BD6DA-DF80-4ACB-8BF6-D7607B466B68}"
EndProject
Project("{8BC9CEB8-8B4A-11D0-8D11-00A0C91BC942}") = "2-11", "2-11\2-11.vcxproj", "{765940B5-EE65-4E9F-A6C8-82B51250D5E3}"
EndProject
Project("{8BC9CEB8-8B4A-11D0-8D11-00A0C91BC942}") = "HW2-12", "HW2-12\HW2-12.vcxproj", "{3AC4A5DC-5A16-4FD9-BCDE-9329832E9370}"
EndProject
Project("{8BC9CEB8-8B4A-11D0-8D11-00A0C91BC942}") = "HW2-13", "HW2-13\HW2-13.vcxproj", "{E0025FE0-1B9F-4277-81E6-07E3009C49D5}"
EndProject
Project("{8BC9CEB8-8B4A-11D0-8D11-00A0C91BC942}") = "HW2-14", "HW2-14\HW2-14.vcxproj", "{19F4B976-A48F-426B-A81D-3A9EB515C851}"
EndProject
Project("{8BC9CEB8-8B4A-11D0-8D11-00A0C91BC942}") = "HW2-15", "HW2-15\HW2-15.vcxproj", "{9D1C4592-BEA8-404B-9405-B6AF702ADBAF}"
EndProject
Project("{8BC9CEB8-8B4A-11D0-8D11-00A0C91BC942}") = "HW2-16", "HW2-16\HW2-16.vcxproj", "{D410AEAF-5C04-4830-BEE3-9D955F9C0F65}"
EndProject
Project("{8BC9CEB8-8B4A-11D0-8D11-00A0C91BC942}") = "HW2-17", "HW2-17\HW2-17.vcxproj", "{F4D7C1EC-480C-412F-B690-57CD7A161496}"
EndProject
Project("{8BC9CEB8-8B4A-11D0-8D11-00A0C91BC942}") = "HW2-18", "HW2-18\HW2-18.vcxproj", "{0482820C-2F39-4EFA-A7D4-7C7800190BA2}"
EndProject
Project("{8BC9CEB8-8B4A-11D0-8D11-00A0C91BC942}") = "HW2-19", "HW2-19\HW2-19.vcxproj", "{9867A0A5-AC36-4337-B891-12ED63989342}"
EndProject
Project("{8BC9CEB8-8B4A-11D0-8D11-00A0C91BC942}") = "HW2-20", "HW2-20\HW2-20.vcxproj", "{F89C6293-F25D-4F64-905E-55259D7C1E00}"
EndProject
Project("{8BC9CEB8-8B4A-11D0-8D11-00A0C91BC942}") = "HW2-22", "HW2-22\HW2-22.vcxproj", "{DFFB11A9-B609-4995-A2AA-A0416B4890FB}"
EndProject
Project("{8BC9CEB8-8B4A-11D0-8D11-00A0C91BC942}") = "HW2-23", "HW2-23\HW2-23.vcxproj", "{C4D76E8A-5855-462F-A6ED-D456091C4094}"
EndProject
Project("{8BC9CEB8-8B4A-11D0-8D11-00A0C91BC942}") = "HW2-24", "HW2-24\HW2-24.vcxproj", "{6EBDE6A7-CA44-451B-A970-038888D98F3B}"
EndProject
Project("{8BC9CEB8-8B4A-11D0-8D11-00A0C91BC942}") = "HW2-25", "HW2-25\HW2-25.vcxproj", "{A17D1C1C-5DA6-4504-8A91-84DB395C9280}"
EndProject
Project("{8BC9CEB8-8B4A-11D0-8D11-00A0C91BC942}") = "20181023function", "20181023\20181023.vcxproj", "{2279103C-1ED9-4CB3-B291-055CE2F3A941}"
EndProject
Project("{8BC9CEB8-8B4A-11D0-8D11-00A0C91BC942}") = "20181030Array", "20181030Array\20181030Array.vcxproj", "{8DF2B596-53A0-4480-A2DE-6C6F8EE4822B}"
EndProject
Project("{8BC9CEB8-8B4A-11D0-8D11-00A0C91BC942}") = "HW3-1", "HW3-1\HW3-1.vcxproj", "{C371B48F-4883-4BDF-978E-4469DC3A109A}"
EndProject
Project("{8BC9CEB8-8B4A-11D0-8D11-00A0C91BC942}") = "HW3-7", "HW3-7\HW3-7.vcxproj", "{95E41420-BEA9-4338-948A-F23BFB1220C0}"
EndProject
Global
	GlobalSection(SolutionConfigurationPlatforms) = preSolution
		Debug|Win32 = Debug|Win32
		Release|Win32 = Release|Win32
	EndGlobalSection
	GlobalSection(ProjectConfigurationPlatforms) = postSolution
		{1315BA49-1987-4A4F-8CA2-5BD93AF8CD38}.Debug|Win32.ActiveCfg = Debug|Win32
		{1315BA49-1987-4A4F-8CA2-5BD93AF8CD38}.Debug|Win32.Build.0 = Debug|Win32
		{1315BA49-1987-4A4F-8CA2-5BD93AF8CD38}.Release|Win32.ActiveCfg = Release|Win32
		{1315BA49-1987-4A4F-8CA2-5BD93AF8CD38}.Release|Win32.Build.0 = Release|Win32
		{698C3629-2C3D-4357-ABB9-416DF2BB1AA5}.Debug|Win32.ActiveCfg = Debug|Win32
		{698C3629-2C3D-4357-ABB9-416DF2BB1AA5}.Debug|Win32.Build.0 = Debug|Win32
		{698C3629-2C3D-4357-ABB9-416DF2BB1AA5}.Release|Win32.ActiveCfg = Release|Win32
		{698C3629-2C3D-4357-ABB9-416DF2BB1AA5}.Release|Win32.Build.0 = Release|Win32
		{19F9A12C-0C15-4DDC-89DF-652B58C7ABCF}.Debug|Win32.ActiveCfg = Debug|Win32
		{19F9A12C-0C15-4DDC-89DF-652B58C7ABCF}.Debug|Win32.Build.0 = Debug|Win32
		{19F9A12C-0C15-4DDC-89DF-652B58C7ABCF}.Release|Win32.ActiveCfg = Release|Win32
		{19F9A12C-0C15-4DDC-89DF-652B58C7ABCF}.Release|Win32.Build.0 = Release|Win32
		{B111DE8E-E310-4441-99B9-BB724E6D41E1}.Debug|Win32.ActiveCfg = Debug|Win32
		{B111DE8E-E310-4441-99B9-BB724E6D41E1}.Debug|Win32.Build.0 = Debug|Win32
		{B111DE8E-E310-4441-99B9-BB724E6D41E1}.Release|Win32.ActiveCfg = Release|Win32
		{B111DE8E-E310-4441-99B9-BB724E6D41E1}.Release|Win32.Build.0 = Release|Win32
		{FEF2FE37-7CE1-4E14-9C68-E8BE31B54FBC}.Debug|Win32.ActiveCfg = Debug|Win32
		{FEF2FE37-7CE1-4E14-9C68-E8BE31B54FBC}.Debug|Win32.Build.0 = Debug|Win32
		{FEF2FE37-7CE1-4E14-9C68-E8BE31B54FBC}.Release|Win32.ActiveCfg = Release|Win32
		{FEF2FE37-7CE1-4E14-9C68-E8BE31B54FBC}.Release|Win32.Build.0 = Release|Win32
		{678D0E53-8976-487C-8E64-331906271754}.Debug|Win32.ActiveCfg = Debug|Win32
		{678D0E53-8976-487C-8E64-331906271754}.Debug|Win32.Build.0 = Debug|Win32
		{678D0E53-8976-487C-8E64-331906271754}.Release|Win32.ActiveCfg = Release|Win32
		{678D0E53-8976-487C-8E64-331906271754}.Release|Win32.Build.0 = Release|Win32
		{BA1574DE-2AF0-4E11-942E-1050BC6ECB99}.Debug|Win32.ActiveCfg = Debug|Win32
		{BA1574DE-2AF0-4E11-942E-1050BC6ECB99}.Debug|Win32.Build.0 = Debug|Win32
		{BA1574DE-2AF0-4E11-942E-1050BC6ECB99}.Release|Win32.ActiveCfg = Release|Win32
		{BA1574DE-2AF0-4E11-942E-1050BC6ECB99}.Release|Win32.Build.0 = Release|Win32
		{B5148BF8-192B-4907-9F04-F87F51AC9386}.Debug|Win32.ActiveCfg = Debug|Win32
		{B5148BF8-192B-4907-9F04-F87F51AC9386}.Debug|Win32.Build.0 = Debug|Win32
		{B5148BF8-192B-4907-9F04-F87F51AC9386}.Release|Win32.ActiveCfg = Release|Win32
		{B5148BF8-192B-4907-9F04-F87F51AC9386}.Release|Win32.Build.0 = Release|Win32
		{9615C65E-CFB7-4692-8324-B56BBE02F74D}.Debug|Win32.ActiveCfg = Debug|Win32
		{9615C65E-CFB7-4692-8324-B56BBE02F74D}.Debug|Win32.Build.0 = Debug|Win32
		{9615C65E-CFB7-4692-8324-B56BBE02F74D}.Release|Win32.ActiveCfg = Release|Win32
		{9615C65E-CFB7-4692-8324-B56BBE02F74D}.Release|Win32.Build.0 = Release|Win32
		{DD014032-9EAA-4B1D-AF6A-0DCD691A2539}.Debug|Win32.ActiveCfg = Debug|Win32
		{DD014032-9EAA-4B1D-AF6A-0DCD691A2539}.Debug|Win32.Build.0 = Debug|Win32
		{DD014032-9EAA-4B1D-AF6A-0DCD691A2539}.Release|Win32.ActiveCfg = Release|Win32
		{DD014032-9EAA-4B1D-AF6A-0DCD691A2539}.Release|Win32.Build.0 = Release|Win32
		{1C6B10B6-910F-47A3-BA46-B4EC3F989FD8}.Debug|Win32.ActiveCfg = Debug|Win32
		{1C6B10B6-910F-47A3-BA46-B4EC3F989FD8}.Debug|Win32.Build.0 = Debug|Win32
		{1C6B10B6-910F-47A3-BA46-B4EC3F989FD8}.Release|Win32.ActiveCfg = Release|Win32
		{1C6B10B6-910F-47A3-BA46-B4EC3F989FD8}.Release|Win32.Build.0 = Release|Win32
		{AF6928E3-2E4D-4F75-8F0D-DC6883CC9C05}.Debug|Win32.ActiveCfg = Debug|Win32
		{AF6928E3-2E4D-4F75-8F0D-DC6883CC9C05}.Debug|Win32.Build.0 = Debug|Win32
		{AF6928E3-2E4D-4F75-8F0D-DC6883CC9C05}.Release|Win32.ActiveCfg = Release|Win32
		{AF6928E3-2E4D-4F75-8F0D-DC6883CC9C05}.Release|Win32.Build.0 = Release|Win32
		{2E372D8E-2AD9-4E06-86C0-C579444D7D44}.Debug|Win32.ActiveCfg = Debug|Win32
		{2E372D8E-2AD9-4E06-86C0-C579444D7D44}.Debug|Win32.Build.0 = Debug|Win32
		{2E372D8E-2AD9-4E06-86C0-C579444D7D44}.Release|Win32.ActiveCfg = Release|Win32
		{2E372D8E-2AD9-4E06-86C0-C579444D7D44}.Release|Win32.Build.0 = Release|Win32
		{F050E510-8902-444E-BAE5-67CE71286569}.Debug|Win32.ActiveCfg = Debug|Win32
		{F050E510-8902-444E-BAE5-67CE71286569}.Debug|Win32.Build.0 = Debug|Win32
		{F050E510-8902-444E-BAE5-67CE71286569}.Release|Win32.ActiveCfg = Release|Win32
		{F050E510-8902-444E-BAE5-67CE71286569}.Release|Win32.Build.0 = Release|Win32
		{357BD6DA-DF80-4ACB-8BF6-D7607B466B68}.Debug|Win32.ActiveCfg = Debug|Win32
		{357BD6DA-DF80-4ACB-8BF6-D7607B466B68}.Debug|Win32.Build.0 = Debug|Win32
		{357BD6DA-DF80-4ACB-8BF6-D7607B466B68}.Release|Win32.ActiveCfg = Release|Win32
		{357BD6DA-DF80-4ACB-8BF6-D7607B466B68}.Release|Win32.Build.0 = Release|Win32
		{765940B5-EE65-4E9F-A6C8-82B51250D5E3}.Debug|Win32.ActiveCfg = Debug|Win32
		{765940B5-EE65-4E9F-A6C8-82B51250D5E3}.Debug|Win32.Build.0 = Debug|Win32
		{765940B5-EE65-4E9F-A6C8-82B51250D5E3}.Release|Win32.ActiveCfg = Release|Win32
		{765940B5-EE65-4E9F-A6C8-82B51250D5E3}.Release|Win32.Build.0 = Release|Win32
		{3AC4A5DC-5A16-4FD9-BCDE-9329832E9370}.Debug|Win32.ActiveCfg = Debug|Win32
		{3AC4A5DC-5A16-4FD9-BCDE-9329832E9370}.Debug|Win32.Build.0 = Debug|Win32
		{3AC4A5DC-5A16-4FD9-BCDE-9329832E9370}.Release|Win32.ActiveCfg = Release|Win32
		{3AC4A5DC-5A16-4FD9-BCDE-9329832E9370}.Release|Win32.Build.0 = Release|Win32
		{E0025FE0-1B9F-4277-81E6-07E3009C49D5}.Debug|Win32.ActiveCfg = Debug|Win32
		{E0025FE0-1B9F-4277-81E6-07E3009C49D5}.Debug|Win32.Build.0 = Debug|Win32
		{E0025FE0-1B9F-4277-81E6-07E3009C49D5}.Release|Win32.ActiveCfg = Release|Win32
		{E0025FE0-1B9F-4277-81E6-07E3009C49D5}.Release|Win32.Build.0 = Release|Win32
		{19F4B976-A48F-426B-A81D-3A9EB515C851}.Debug|Win32.ActiveCfg = Debug|Win32
		{19F4B976-A48F-426B-A81D-3A9EB515C851}.Debug|Win32.Build.0 = Debug|Win32
		{19F4B976-A48F-426B-A81D-3A9EB515C851}.Release|Win32.ActiveCfg = Release|Win32
		{19F4B976-A48F-426B-A81D-3A9EB515C851}.Release|Win32.Build.0 = Release|Win32
		{9D1C4592-BEA8-404B-9405-B6AF702ADBAF}.Debug|Win32.ActiveCfg = Debug|Win32
		{9D1C4592-BEA8-404B-9405-B6AF702ADBAF}.Debug|Win32.Build.0 = Debug|Win32
		{9D1C4592-BEA8-404B-9405-B6AF702ADBAF}.Release|Win32.ActiveCfg = Release|Win32
		{9D1C4592-BEA8-404B-9405-B6AF702ADBAF}.Release|Win32.Build.0 = Release|Win32
		{D410AEAF-5C04-4830-BEE3-9D955F9C0F65}.Debug|Win32.ActiveCfg = Debug|Win32
		{D410AEAF-5C04-4830-BEE3-9D955F9C0F65}.Debug|Win32.Build.0 = Debug|Win32
		{D410AEAF-5C04-4830-BEE3-9D955F9C0F65}.Release|Win32.ActiveCfg = Release|Win32
		{D410AEAF-5C04-4830-BEE3-9D955F9C0F65}.Release|Win32.Build.0 = Release|Win32
		{F4D7C1EC-480C-412F-B690-57CD7A161496}.Debug|Win32.ActiveCfg = Debug|Win32
		{F4D7C1EC-480C-412F-B690-57CD7A161496}.Debug|Win32.Build.0 = Debug|Win32
		{F4D7C1EC-480C-412F-B690-57CD7A161496}.Release|Win32.ActiveCfg = Release|Win32
		{F4D7C1EC-480C-412F-B690-57CD7A161496}.Release|Win32.Build.0 = Release|Win32
		{0482820C-2F39-4EFA-A7D4-7C7800190BA2}.Debug|Win32.ActiveCfg = Debug|Win32
		{0482820C-2F39-4EFA-A7D4-7C7800190BA2}.Debug|Win32.Build.0 = Debug|Win32
		{0482820C-2F39-4EFA-A7D4-7C7800190BA2}.Release|Win32.ActiveCfg = Release|Win32
		{0482820C-2F39-4EFA-A7D4-7C7800190BA2}.Release|Win32.Build.0 = Release|Win32
		{9867A0A5-AC36-4337-B891-12ED63989342}.Debug|Win32.ActiveCfg = Debug|Win32
		{9867A0A5-AC36-4337-B891-12ED63989342}.Debug|Win32.Build.0 = Debug|Win32
		{9867A0A5-AC36-4337-B891-12ED63989342}.Release|Win32.ActiveCfg = Release|Win32
		{9867A0A5-AC36-4337-B891-12ED63989342}.Release|Win32.Build.0 = Release|Win32
		{F89C6293-F25D-4F64-905E-55259D7C1E00}.Debug|Win32.ActiveCfg = Debug|Win32
		{F89C6293-F25D-4F64-905E-55259D7C1E00}.Debug|Win32.Build.0 = Debug|Win32
		{F89C6293-F25D-4F64-905E-55259D7C1E00}.Release|Win32.ActiveCfg = Release|Win32
		{F89C6293-F25D-4F64-905E-55259D7C1E00}.Release|Win32.Build.0 = Release|Win32
		{DFFB11A9-B609-4995-A2AA-A0416B4890FB}.Debug|Win32.ActiveCfg = Debug|Win32
		{DFFB11A9-B609-4995-A2AA-A0416B4890FB}.Debug|Win32.Build.0 = Debug|Win32
		{DFFB11A9-B609-4995-A2AA-A0416B4890FB}.Release|Win32.ActiveCfg = Release|Win32
		{DFFB11A9-B609-4995-A2AA-A0416B4890FB}.Release|Win32.Build.0 = Release|Win32
		{C4D76E8A-5855-462F-A6ED-D456091C4094}.Debug|Win32.ActiveCfg = Debug|Win32
		{C4D76E8A-5855-462F-A6ED-D456091C4094}.Debug|Win32.Build.0 = Debug|Win32
		{C4D76E8A-5855-462F-A6ED-D456091C4094}.Release|Win32.ActiveCfg = Release|Win32
		{C4D76E8A-5855-462F-A6ED-D456091C4094}.Release|Win32.Build.0 = Release|Win32
		{6EBDE6A7-CA44-451B-A970-038888D98F3B}.Debug|Win32.ActiveCfg = Debug|Win32
		{6EBDE6A7-CA44-451B-A970-038888D98F3B}.Debug|Win32.Build.0 = Debug|Win32
		{6EBDE6A7-CA44-451B-A970-038888D98F3B}.Release|Win32.ActiveCfg = Release|Win32
		{6EBDE6A7-CA44-451B-A970-038888D98F3B}.Release|Win32.Build.0 = Release|Win32
		{A17D1C1C-5DA6-4504-8A91-84DB395C9280}.Debug|Win32.ActiveCfg = Debug|Win32
		{A17D1C1C-5DA6-4504-8A91-84DB395C9280}.Debug|Win32.Build.0 = Debug|Win32
		{A17D1C1C-5DA6-4504-8A91-84DB395C9280}.Release|Win32.ActiveCfg = Release|Win32
		{A17D1C1C-5DA6-4504-8A91-84DB395C9280}.Release|Win32.Build.0 = Release|Win32
		{2279103C-1ED9-4CB3-B291-055CE2F3A941}.Debug|Win32.ActiveCfg = Debug|Win32
		{2279103C-1ED9-4CB3-B291-055CE2F3A941}.Debug|Win32.Build.0 = Debug|Win32
		{2279103C-1ED9-4CB3-B291-055CE2F3A941}.Release|Win32.ActiveCfg = Release|Win32
		{2279103C-1ED9-4CB3-B291-055CE2F3A941}.Release|Win32.Build.0 = Release|Win32
		{8DF2B596-53A0-4480-A2DE-6C6F8EE4822B}.Debug|Win32.ActiveCfg = Debug|Win32
		{8DF2B596-53A0-4480-A2DE-6C6F8EE4822B}.Debug|Win32.Build.0 = Debug|Win32
		{8DF2B596-53A0-4480-A2DE-6C6F8EE4822B}.Release|Win32.ActiveCfg = Release|Win32
		{8DF2B596-53A0-4480-A2DE-6C6F8EE4822B}.Release|Win32.Build.0 = Release|Win32
		{C371B48F-4883-4BDF-978E-4469DC3A109A}.Debug|Win32.ActiveCfg = Debug|Win32
		{C371B48F-4883-4BDF-978E-4469DC3A109A}.Debug|Win32.Build.0 = Debug|Win32
		{C371B48F-4883-4BDF-978E-4469DC3A109A}.Release|Win32.ActiveCfg = Release|Win32
		{C371B48F-4883-4BDF-978E-4469DC3A109A}.Release|Win32.Build.0 = Release|Win32
		{95E41420-BEA9-4338-948A-F23BFB1220C0}.Debug|Win32.ActiveCfg = Debug|Win32
		{95E41420-BEA9-4338-948A-F23BFB1220C0}.Debug|Win32.Build.0 = Debug|Win32
		{95E41420-BEA9-4338-948A-F23BFB1220C0}.Release|Win32.ActiveCfg = Release|Win32
		{95E41420-BEA9-4338-948A-F23BFB1220C0}.Release|Win32.Build.0 = Release|Win32
	EndGlobalSection
	GlobalSection(SolutionProperties) = preSolution
		HideSolutionNode = FALSE
	EndGlobalSection
EndGlobal
